dependencies:
- name: kube-prometheus
  repository: oci://registry-1.docker.io/bitnamicharts
  version: 8.22.4
- name: kepler
  repository: https://sustainable-computing-io.github.io/kepler-helm-chart
  version: 0.6.0
digest: sha256:3f8ae2cc9a79b696d1cf758fde44701089f03203fe823f99c7d2e286a70e4ae0
generated: "2025-05-23T13:53:29.999493+02:00"
